
Microsoft Visual Studio Solution File, Format Version 12.00
# Visual Studio Version 17
VisualStudioVersion = 17.5.002.0
MinimumVisualStudioVersion = 10.0.40219.1
Project("{9A19103F-16F7-4668-BE54-9A1E7A4F7556}") = "DesafioProjetoHospedagem", "trilha-net-explorando-desafio-main\DesafioProjetoHospedagem.csproj", "{E2257FD6-20FF-4A96-8B14-13C25EF6B451}"
EndProject
Global
	GlobalSection(SolutionConfigurationPlatforms) = preSolution
		Debug|Any CPU = Debug|Any CPU
		Release|Any CPU = Release|Any CPU
	EndGlobalSection
	GlobalSection(ProjectConfigurationPlatforms) = postSolution
		{E2257FD6-20FF-4A96-8B14-13C25EF6B451}.Debug|Any CPU.ActiveCfg = Debug|Any CPU
		{E2257FD6-20FF-4A96-8B14-13C25EF6B451}.Debug|Any CPU.Build.0 = Debug|Any CPU
		{E2257FD6-20FF-4A96-8B14-13C25EF6B451}.Release|Any CPU.ActiveCfg = Release|Any CPU
		{E2257FD6-20FF-4A96-8B14-13C25EF6B451}.Release|Any CPU.Build.0 = Release|Any CPU
	EndGlobalSection
	GlobalSection(SolutionProperties) = preSolution
		HideSolutionNode = FALSE
	EndGlobalSection
	GlobalSection(ExtensibilityGlobals) = postSolution
		SolutionGuid = {16E7EE60-ECBB-45E7-AC05-6E9239B1855B}
	EndGlobalSection
EndGlobal
